
Microsoft Visual Studio Solution File, Format Version 12.00
# Visual Studio Version 17
VisualStudioVersion = 17.3.32708.82
MinimumVisualStudioVersion = 10.0.40219.1
Project("{FAE04EC0-301F-11D3-BF4B-00C04F79EFBC}") = "Prog_122_F23_Lecture_7_WinForms", "Prog_122_F23_Lecture_7_WinForms.csproj", "{0452FB61-0296-4CAE-95AC-CA6B6F74E3E9}"
EndProject
Global
	GlobalSection(SolutionConfigurationPlatforms) = preSolution
		Debug|Any CPU = Debug|Any CPU
		Release|Any CPU = Release|Any CPU
	EndGlobalSection
	GlobalSection(ProjectConfigurationPlatforms) = postSolution
		{0452FB61-0296-4CAE-95AC-CA6B6F74E3E9}.Debug|Any CPU.ActiveCfg = Debug|Any CPU
		{0452FB61-0296-4CAE-95AC-CA6B6F74E3E9}.Debug|Any CPU.Build.0 = Debug|Any CPU
		{0452FB61-0296-4CAE-95AC-CA6B6F74E3E9}.Release|Any CPU.ActiveCfg = Release|Any CPU
		{0452FB61-0296-4CAE-95AC-CA6B6F74E3E9}.Release|Any CPU.Build.0 = Release|Any CPU
	EndGlobalSection
	GlobalSection(SolutionProperties) = preSolution
		HideSolutionNode = FALSE
	EndGlobalSection
	GlobalSection(ExtensibilityGlobals) = postSolution
		SolutionGuid = {E12E5B4B-3E22-4D3A-8327-2870ED2B4D4B}
	EndGlobalSection
EndGlobal
